
Microsoft Visual Studio Solution File, Format Version 10.00
# Visual Studio 2008
Project("{FAE04EC0-301F-11D3-BF4B-00C04F79EFBC}") = "MSILParser", "MSILParser\MSILParser.csproj", "{D42C399E-09DA-4345-9673-5B75086A5DC5}"
EndProject
Global
	GlobalSection(SolutionConfigurationPlatforms) = preSolution
		Debug|Any CPU = Debug|Any CPU
		Release|Any CPU = Release|Any CPU
	EndGlobalSection
	GlobalSection(ProjectConfigurationPlatforms) = postSolution
		{D42C399E-09DA-4345-9673-5B75086A5DC5}.Debug|Any CPU.ActiveCfg = Debug|Any CPU
		{D42C399E-09DA-4345-9673-5B75086A5DC5}.Debug|Any CPU.Build.0 = Debug|Any CPU
		{D42C399E-09DA-4345-9673-5B75086A5DC5}.Release|Any CPU.ActiveCfg = Release|Any CPU
		{D42C399E-09DA-4345-9673-5B75086A5DC5}.Release|Any CPU.Build.0 = Release|Any CPU
	EndGlobalSection
	GlobalSection(SolutionProperties) = preSolution
		HideSolutionNode = FALSE
	EndGlobalSection
EndGlobal
